// !$*UTF8*$!
{
	archiveVersion = 1;
	classes = {
	};
	objectVersion = 46;
	objects = {

/* Begin PBXBuildFile section */
		3044CCC01AAC472E005DEC22 /* AVFoundation.framework in Frameworks */ = {isa = PBXBuildFile; fileRef = 3044CCBF1AAC472E005DEC22 /* AVFoundation.framework */; };
		3044CCC21AAC4773005DEC22 /* MediaPlayer.framework in Frameworks */ = {isa = PBXBuildFile; fileRef = 3044CCC11AAC4773005DEC22 /* MediaPlayer.framework */; };
		3044CCC41AAC6749005DEC22 /* Project.swift in Sources */ = {isa = PBXBuildFile; fileRef = 3044CCC31AAC6749005DEC22 /* Project.swift */; };
		3044CCC61AAC67F8005DEC22 /* Frame.swift in Sources */ = {isa = PBXBuildFile; fileRef = 3044CCC51AAC67F8005DEC22 /* Frame.swift */; };
		3044CCC81AAC70FB005DEC22 /* AudioTrack.swift in Sources */ = {isa = PBXBuildFile; fileRef = 3044CCC71AAC70FB005DEC22 /* AudioTrack.swift */; };
		304A0C3F1AADD96700370E7F /* RAReorderableLayout.swift in Sources */ = {isa = PBXBuildFile; fileRef = 304A0C3E1AADD96700370E7F /* RAReorderableLayout.swift */; };
		307E8CC51AA342DD0049D69D /* OperationViewController.swift in Sources */ = {isa = PBXBuildFile; fileRef = 307E8CC41AA342DD0049D69D /* OperationViewController.swift */; };
		30EC14B11A7F579100985144 /* AppDelegate.swift in Sources */ = {isa = PBXBuildFile; fileRef = 30EC14B01A7F579100985144 /* AppDelegate.swift */; };
		30EC14B31A7F579100985144 /* ViewController.swift in Sources */ = {isa = PBXBuildFile; fileRef = 30EC14B21A7F579100985144 /* ViewController.swift */; };
		30EC14B61A7F579100985144 /* Main.storyboard in Resources */ = {isa = PBXBuildFile; fileRef = 30EC14B41A7F579100985144 /* Main.storyboard */; };
		30EC14B81A7F579100985144 /* Images.xcassets in Resources */ = {isa = PBXBuildFile; fileRef = 30EC14B71A7F579100985144 /* Images.xcassets */; };
		30EC14BB1A7F579100985144 /* LaunchScreen.xib in Resources */ = {isa = PBXBuildFile; fileRef = 30EC14B91A7F579100985144 /* LaunchScreen.xib */; };
		30EC14C71A7F579100985144 /* PicFlow__Tests.swift in Sources */ = {isa = PBXBuildFile; fileRef = 30EC14C61A7F579100985144 /* PicFlow__Tests.swift */; };
		30EC14D11A7F596700985144 /* PicFlow.txt in Resources */ = {isa = PBXBuildFile; fileRef = 30EC14D01A7F596700985144 /* PicFlow.txt */; };
		30EC14D41A7F619C00985144 /* First Screen.png in Resources */ = {isa = PBXBuildFile; fileRef = 30EC14D31A7F619C00985144 /* First Screen.png */; };
		30EC14D61A7F64A100985144 /* Second Screen.png in Resources */ = {isa = PBXBuildFile; fileRef = 30EC14D51A7F64A100985144 /* Second Screen.png */; };
		30F84A171AAECF10003DC410 /* DetailViewController.swift in Sources */ = {isa = PBXBuildFile; fileRef = 30F84A161AAECF10003DC410 /* DetailViewController.swift */; };
		6D2C4800CEAFCBB6DA0081CE /* libPods-PicFlow++.a in Frameworks */ = {isa = PBXBuildFile; fileRef = A993D0E2CB9732D7DE551D60 /* libPods-PicFlow++.a */; };
/* End PBXBuildFile section */

/* Begin PBXContainerItemProxy section */
		30EC14C11A7F579100985144 /* PBXContainerItemProxy */ = {
			isa = PBXContainerItemProxy;
			containerPortal = 30EC14A31A7F579100985144 /* Project object */;
			proxyType = 1;
			remoteGlobalIDString = 30EC14AA1A7F579100985144;
			remoteInfo = "PicFlow++";
		};
/* End PBXContainerItemProxy section */

/* Begin PBXFileReference section */
		3044CCBF1AAC472E005DEC22 /* AVFoundation.framework */ = {isa = PBXFileReference; lastKnownFileType = wrapper.framework; name = AVFoundation.framework; path = System/Library/Frameworks/AVFoundation.framework; sourceTree = SDKROOT; };
		3044CCC11AAC4773005DEC22 /* MediaPlayer.framework */ = {isa = PBXFileReference; lastKnownFileType = wrapper.framework; name = MediaPlayer.framework; path = System/Library/Frameworks/MediaPlayer.framework; sourceTree = SDKROOT; };
		3044CCC31AAC6749005DEC22 /* Project.swift */ = {isa = PBXFileReference; fileEncoding = 4; lastKnownFileType = sourcecode.swift; path = Project.swift; sourceTree = "<group>"; };
		3044CCC51AAC67F8005DEC22 /* Frame.swift */ = {isa = PBXFileReference; fileEncoding = 4; lastKnownFileType = sourcecode.swift; path = Frame.swift; sourceTree = "<group>"; };
		3044CCC71AAC70FB005DEC22 /* AudioTrack.swift */ = {isa = PBXFileReference; fileEncoding = 4; lastKnownFileType = sourcecode.swift; path = AudioTrack.swift; sourceTree = "<group>"; };
		304514121AA59A9500526976 /* PicFlow++-Bridging-Header.h */ = {isa = PBXFileReference; lastKnownFileType = sourcecode.c.h; path = "PicFlow++-Bridging-Header.h"; sourceTree = "<group>"; };
		304A0C3E1AADD96700370E7F /* RAReorderableLayout.swift */ = {isa = PBXFileReference; fileEncoding = 4; lastKnownFileType = sourcecode.swift; path = RAReorderableLayout.swift; sourceTree = "<group>"; };
		307E8CC41AA342DD0049D69D /* OperationViewController.swift */ = {isa = PBXFileReference; fileEncoding = 4; lastKnownFileType = sourcecode.swift; path = OperationViewController.swift; sourceTree = "<group>"; };
		30EC14AB1A7F579100985144 /* PicFlow++.app */ = {isa = PBXFileReference; explicitFileType = wrapper.application; includeInIndex = 0; path = "PicFlow++.app"; sourceTree = BUILT_PRODUCTS_DIR; };
		30EC14AF1A7F579100985144 /* Info.plist */ = {isa = PBXFileReference; lastKnownFileType = text.plist.xml; path = Info.plist; sourceTree = "<group>"; };
		30EC14B01A7F579100985144 /* AppDelegate.swift */ = {isa = PBXFileReference; lastKnownFileType = sourcecode.swift; path = AppDelegate.swift; sourceTree = "<group>"; };
		30EC14B21A7F579100985144 /* ViewController.swift */ = {isa = PBXFileReference; lastKnownFileType = sourcecode.swift; path = ViewController.swift; sourceTree = "<group>"; };
		30EC14B51A7F579100985144 /* Base */ = {isa = PBXFileReference; lastKnownFileType = file.storyboard; name = Base; path = Base.lproj/Main.storyboard; sourceTree = "<group>"; };
		30EC14B71A7F579100985144 /* Images.xcassets */ = {isa = PBXFileReference; lastKnownFileType = folder.assetcatalog; path = Images.xcassets; sourceTree = "<group>"; };
		30EC14BA1A7F579100985144 /* Base */ = {isa = PBXFileReference; lastKnownFileType = file.xib; name = Base; path = Base.lproj/LaunchScreen.xib; sourceTree = "<group>"; };
		30EC14C01A7F579100985144 /* PicFlow++Tests.xctest */ = {isa = PBXFileReference; explicitFileType = wrapper.cfbundle; includeInIndex = 0; path = "PicFlow++Tests.xctest"; sourceTree = BUILT_PRODUCTS_DIR; };
		30EC14C51A7F579100985144 /* Info.plist */ = {isa = PBXFileReference; lastKnownFileType = text.plist.xml; path = Info.plist; sourceTree = "<group>"; };
		30EC14C61A7F579100985144 /* PicFlow__Tests.swift */ = {isa = PBXFileReference; lastKnownFileType = sourcecode.swift; path = PicFlow__Tests.swift; sourceTree = "<group>"; };
		30EC14D01A7F596700985144 /* PicFlow.txt */ = {isa = PBXFileReference; fileEncoding = 4; lastKnownFileType = text; path = PicFlow.txt; sourceTree = SOURCE_ROOT; };
		30EC14D31A7F619C00985144 /* First Screen.png */ = {isa = PBXFileReference; lastKnownFileType = image.png; name = "First Screen.png"; path = "Screens/First Screen.png"; sourceTree = SOURCE_ROOT; };
		30EC14D51A7F64A100985144 /* Second Screen.png */ = {isa = PBXFileReference; lastKnownFileType = image.png; path = "Second Screen.png"; sourceTree = SOURCE_ROOT; };
		30F84A161AAECF10003DC410 /* DetailViewController.swift */ = {isa = PBXFileReference; fileEncoding = 4; lastKnownFileType = sourcecode.swift; path = DetailViewController.swift; sourceTree = "<group>"; };
		75CAD59D159561D1D7B8873E /* Pods-PicFlow++.release.xcconfig */ = {isa = PBXFileReference; includeInIndex = 1; lastKnownFileType = text.xcconfig; name = "Pods-PicFlow++.release.xcconfig"; path = "Pods/Target Support Files/Pods-PicFlow++/Pods-PicFlow++.release.xcconfig"; sourceTree = "<group>"; };
		7E970537D3BECB8D91E02C80 /* Pods-PicFlow++.debug.xcconfig */ = {isa = PBXFileReference; includeInIndex = 1; lastKnownFileType = text.xcconfig; name = "Pods-PicFlow++.debug.xcconfig"; path = "Pods/Target Support Files/Pods-PicFlow++/Pods-PicFlow++.debug.xcconfig"; sourceTree = "<group>"; };
		A993D0E2CB9732D7DE551D60 /* libPods-PicFlow++.a */ = {isa = PBXFileReference; explicitFileType = archive.ar; includeInIndex = 0; path = "libPods-PicFlow++.a"; sourceTree = BUILT_PRODUCTS_DIR; };
/* End PBXFileReference section */

/* Begin PBXFrameworksBuildPhase section */
		30EC14A81A7F579100985144 /* Frameworks */ = {
			isa = PBXFrameworksBuildPhase;
			buildActionMask = 2147483647;
			files = (
				3044CCC21AAC4773005DEC22 /* MediaPlayer.framework in Frameworks */,
				3044CCC01AAC472E005DEC22 /* AVFoundation.framework in Frameworks */,
				6D2C4800CEAFCBB6DA0081CE /* libPods-PicFlow++.a in Frameworks */,
			);
			runOnlyForDeploymentPostprocessing = 0;
		};
		30EC14BD1A7F579100985144 /* Frameworks */ = {
			isa = PBXFrameworksBuildPhase;
			buildActionMask = 2147483647;
			files = (
			);
			runOnlyForDeploymentPostprocessing = 0;
		};
/* End PBXFrameworksBuildPhase section */

/* Begin PBXGroup section */
		30EC14A21A7F579100985144 = {
			isa = PBXGroup;
			children = (
				30EC14AD1A7F579100985144 /* PicFlow++ */,
				30EC14C31A7F579100985144 /* PicFlow++Tests */,
				30EC14AC1A7F579100985144 /* Products */,
				9078213A6A36F543B59D1914 /* Pods */,
				502E01A0E17D392E8E37F21E /* Frameworks */,
				304514121AA59A9500526976 /* PicFlow++-Bridging-Header.h */,
			);
			sourceTree = "<group>";
		};
		30EC14AC1A7F579100985144 /* Products */ = {
			isa = PBXGroup;
			children = (
				30EC14AB1A7F579100985144 /* PicFlow++.app */,
				30EC14C01A7F579100985144 /* PicFlow++Tests.xctest */,
			);
			name = Products;
			sourceTree = "<group>";
		};
		30EC14AD1A7F579100985144 /* PicFlow++ */ = {
			isa = PBXGroup;
			children = (
				30F4F73C1AB018A4007312AD /* StoryBoard */,
				30F84A191AAED645003DC410 /* Modals */,
				30F84A181AAECF26003DC410 /* View Controller */,
				304A0C3E1AADD96700370E7F /* RAReorderableLayout.swift */,
				30EC14B01A7F579100985144 /* AppDelegate.swift */,
				30EC14B71A7F579100985144 /* Images.xcassets */,
				30EC14AE1A7F579100985144 /* Supporting Files */,
			);
			path = "PicFlow++";
			sourceTree = "<group>";
		};
		30EC14AE1A7F579100985144 /* Supporting Files */ = {
			isa = PBXGroup;
			children = (
				30EC14D21A7F615300985144 /* Screens */,
				30EC14D01A7F596700985144 /* PicFlow.txt */,
				30EC14AF1A7F579100985144 /* Info.plist */,
			);
			name = "Supporting Files";
			sourceTree = "<group>";
		};
		30EC14C31A7F579100985144 /* PicFlow++Tests */ = {
			isa = PBXGroup;
			children = (
				30EC14C61A7F579100985144 /* PicFlow__Tests.swift */,
				30EC14C41A7F579100985144 /* Supporting Files */,
			);
			path = "PicFlow++Tests";
			sourceTree = "<group>";
		};
		30EC14C41A7F579100985144 /* Supporting Files */ = {
			isa = PBXGroup;
			children = (
				30EC14C51A7F579100985144 /* Info.plist */,
			);
			name = "Supporting Files";
			sourceTree = "<group>";
		};
		30EC14D21A7F615300985144 /* Screens */ = {
			isa = PBXGroup;
			children = (
				30EC14D31A7F619C00985144 /* First Screen.png */,
				30EC14D51A7F64A100985144 /* Second Screen.png */,
			);
			name = Screens;
			sourceTree = "<group>";
		};
		30F4F73C1AB018A4007312AD /* StoryBoard */ = {
			isa = PBXGroup;
			children = (
				30EC14B91A7F579100985144 /* LaunchScreen.xib */,
				30EC14B41A7F579100985144 /* Main.storyboard */,
			);
			name = StoryBoard;
			sourceTree = "<group>";
		};
		30F84A181AAECF26003DC410 /* View Controller */ = {
			isa = PBXGroup;
			children = (
				30EC14B21A7F579100985144 /* ViewController.swift */,
				30F84A161AAECF10003DC410 /* DetailViewController.swift */,
				307E8CC41AA342DD0049D69D /* OperationViewController.swift */,
			);
			name = "View Controller";
			sourceTree = "<group>";
		};
		30F84A191AAED645003DC410 /* Modals */ = {
			isa = PBXGroup;
			children = (
				3044CCC71AAC70FB005DEC22 /* AudioTrack.swift */,
				3044CCC31AAC6749005DEC22 /* Project.swift */,
				3044CCC51AAC67F8005DEC22 /* Frame.swift */,
			);
			name = Modals;
			sourceTree = "<group>";
		};
		502E01A0E17D392E8E37F21E /* Frameworks */ = {
			isa = PBXGroup;
			children = (
				3044CCC11AAC4773005DEC22 /* MediaPlayer.framework */,
				3044CCBF1AAC472E005DEC22 /* AVFoundation.framework */,
				A993D0E2CB9732D7DE551D60 /* libPods-PicFlow++.a */,
			);
			name = Frameworks;
			sourceTree = "<group>";
		};
		9078213A6A36F543B59D1914 /* Pods */ = {
			isa = PBXGroup;
			children = (
				7E970537D3BECB8D91E02C80 /* Pods-PicFlow++.debug.xcconfig */,
				75CAD59D159561D1D7B8873E /* Pods-PicFlow++.release.xcconfig */,
			);
			name = Pods;
			sourceTree = "<group>";
		};
/* End PBXGroup section */

/* Begin PBXNativeTarget section */
		30EC14AA1A7F579100985144 /* PicFlow++ */ = {
			isa = PBXNativeTarget;
			buildConfigurationList = 30EC14CA1A7F579100985144 /* Build configuration list for PBXNativeTarget "PicFlow++" */;
			buildPhases = (
				C97FDE5ED51DC751E6AF4377 /* Check Pods Manifest.lock */,
				30EC14A71A7F579100985144 /* Sources */,
				30EC14A81A7F579100985144 /* Frameworks */,
				30EC14A91A7F579100985144 /* Resources */,
				CD1FFC905A7D54EA6563012A /* Copy Pods Resources */,
			);
			buildRules = (
			);
			dependencies = (
			);
			name = "PicFlow++";
			productName = "PicFlow++";
			productReference = 30EC14AB1A7F579100985144 /* PicFlow++.app */;
			productType = "com.apple.product-type.application";
		};
		30EC14BF1A7F579100985144 /* PicFlow++Tests */ = {
			isa = PBXNativeTarget;
			buildConfigurationList = 30EC14CD1A7F579100985144 /* Build configuration list for PBXNativeTarget "PicFlow++Tests" */;
			buildPhases = (
				30EC14BC1A7F579100985144 /* Sources */,
				30EC14BD1A7F579100985144 /* Frameworks */,
				30EC14BE1A7F579100985144 /* Resources */,
			);
			buildRules = (
			);
			dependencies = (
				30EC14C21A7F579100985144 /* PBXTargetDependency */,
			);
			name = "PicFlow++Tests";
			productName = "PicFlow++Tests";
			productReference = 30EC14C01A7F579100985144 /* PicFlow++Tests.xctest */;
			productType = "com.apple.product-type.bundle.unit-test";
		};
/* End PBXNativeTarget section */

/* Begin PBXProject section */
		30EC14A31A7F579100985144 /* Project object */ = {
			isa = PBXProject;
			attributes = {
				LastUpgradeCheck = 0610;
				ORGANIZATIONNAME = Sheen;
				TargetAttributes = {
					30EC14AA1A7F579100985144 = {
						CreatedOnToolsVersion = 6.1;
					};
					30EC14BF1A7F579100985144 = {
						CreatedOnToolsVersion = 6.1;
						TestTargetID = 30EC14AA1A7F579100985144;
					};
				};
			};
			buildConfigurationList = 30EC14A61A7F579100985144 /* Build configuration list for PBXProject "PicFlow++" */;
			compatibilityVersion = "Xcode 3.2";
			developmentRegion = English;
			hasScannedForEncodings = 0;
			knownRegions = (
				en,
				Base,
			);
			mainGroup = 30EC14A21A7F579100985144;
			productRefGroup = 30EC14AC1A7F579100985144 /* Products */;
			projectDirPath = "";
			projectRoot = "";
			targets = (
				30EC14AA1A7F579100985144 /* PicFlow++ */,
				30EC14BF1A7F579100985144 /* PicFlow++Tests */,
			);
		};
/* End PBXProject section */

/* Begin PBXResourcesBuildPhase section */
		30EC14A91A7F579100985144 /* Resources */ = {
			isa = PBXResourcesBuildPhase;
			buildActionMask = 2147483647;
			files = (
				30EC14D61A7F64A100985144 /* Second Screen.png in Resources */,
				30EC14D41A7F619C00985144 /* First Screen.png in Resources */,
				30EC14B61A7F579100985144 /* Main.storyboard in Resources */,
				30EC14D11A7F596700985144 /* PicFlow.txt in Resources */,
				30EC14BB1A7F579100985144 /* LaunchScreen.xib in Resources */,
				30EC14B81A7F579100985144 /* Images.xcassets in Resources */,
			);
			runOnlyForDeploymentPostprocessing = 0;
		};
		30EC14BE1A7F579100985144 /* Resources */ = {
			isa = PBXResourcesBuildPhase;
			buildActionMask = 2147483647;
			files = (
			);
			runOnlyForDeploymentPostprocessing = 0;
		};
/* End PBXResourcesBuildPhase section */

/* Begin PBXShellScriptBuildPhase section */
		C97FDE5ED51DC751E6AF4377 /* Check Pods Manifest.lock */ = {
			isa = PBXShellScriptBuildPhase;
			buildActionMask = 2147483647;
			files = (
			);
			inputPaths = (
			);
			name = "Check Pods Manifest.lock";
			outputPaths = (
			);
			runOnlyForDeploymentPostprocessing = 0;
			shellPath = /bin/sh;
			shellScript = "diff \"${PODS_ROOT}/../Podfile.lock\" \"${PODS_ROOT}/Manifest.lock\" > /dev/null\nif [[ $? != 0 ]] ; then\n    cat << EOM\nerror: The sandbox is not in sync with the Podfile.lock. Run 'pod install' or update your CocoaPods installation.\nEOM\n    exit 1\nfi\n";
			showEnvVarsInLog = 0;
		};
		CD1FFC905A7D54EA6563012A /* Copy Pods Resources */ = {
			isa = PBXShellScriptBuildPhase;
			buildActionMask = 2147483647;
			files = (
			);
			inputPaths = (
			);
			name = "Copy Pods Resources";
			outputPaths = (
			);
			runOnlyForDeploymentPostprocessing = 0;
			shellPath = /bin/sh;
			shellScript = "\"${SRCROOT}/Pods/Target Support Files/Pods-PicFlow++/Pods-PicFlow++-resources.sh\"\n";
			showEnvVarsInLog = 0;
		};
/* End PBXShellScriptBuildPhase section */

/* Begin PBXSourcesBuildPhase section */
		30EC14A71A7F579100985144 /* Sources */ = {
			isa = PBXSourcesBuildPhase;
			buildActionMask = 2147483647;
			files = (
				30F84A171AAECF10003DC410 /* DetailViewController.swift in Sources */,
				304A0C3F1AADD96700370E7F /* RAReorderableLayout.swift in Sources */,
				30EC14B31A7F579100985144 /* ViewController.swift in Sources */,
				30EC14B11A7F579100985144 /* AppDelegate.swift in Sources */,
				3044CCC81AAC70FB005DEC22 /* AudioTrack.swift in Sources */,
				307E8CC51AA342DD0049D69D /* OperationViewController.swift in Sources */,
				3044CCC41AAC6749005DEC22 /* Project.swift in Sources */,
				3044CCC61AAC67F8005DEC22 /* Frame.swift in Sources */,
			);
			runOnlyForDeploymentPostprocessing = 0;
		};
		30EC14BC1A7F579100985144 /* Sources */ = {
			isa = PBXSourcesBuildPhase;
			buildActionMask = 2147483647;
			files = (
				30EC14C71A7F579100985144 /* PicFlow__Tests.swift in Sources */,
			);
			runOnlyForDeploymentPostprocessing = 0;
		};
/* End PBXSourcesBuildPhase section */

/* Begin PBXTargetDependency section */
		30EC14C21A7F579100985144 /* PBXTargetDependency */ = {
			isa = PBXTargetDependency;
			target = 30EC14AA1A7F579100985144 /* PicFlow++ */;
			targetProxy = 30EC14C11A7F579100985144 /* PBXContainerItemProxy */;
		};
/* End PBXTargetDependency section */

/* Begin PBXVariantGroup section */
		30EC14B41A7F579100985144 /* Main.storyboard */ = {
			isa = PBXVariantGroup;
			children = (
				30EC14B51A7F579100985144 /* Base */,
			);
			name = Main.storyboard;
			sourceTree = "<group>";
		};
		30EC14B91A7F579100985144 /* LaunchScreen.xib */ = {
			isa = PBXVariantGroup;
			children = (
				30EC14BA1A7F579100985144 /* Base */,
			);
			name = LaunchScreen.xib;
			sourceTree = "<group>";
		};
/* End PBXVariantGroup section */

/* Begin XCBuildConfiguration section */
		30EC14C81A7F579100985144 /* Debug */ = {
			isa = XCBuildConfiguration;
			buildSettings = {
				ALWAYS_SEARCH_USER_PATHS = NO;
				CLANG_CXX_LANGUAGE_STANDARD = "gnu++0x";
				CLANG_CXX_LIBRARY = "libc++";
				CLANG_ENABLE_MODULES = YES;
				CLANG_ENABLE_OBJC_ARC = YES;
				CLANG_WARN_BOOL_CONVERSION = YES;
				CLANG_WARN_CONSTANT_CONVERSION = YES;
				CLANG_WARN_DIRECT_OBJC_ISA_USAGE = YES_ERROR;
				CLANG_WARN_EMPTY_BODY = YES;
				CLANG_WARN_ENUM_CONVERSION = YES;
				CLANG_WARN_INT_CONVERSION = YES;
				CLANG_WARN_OBJC_ROOT_CLASS = YES_ERROR;
				CLANG_WARN_UNREACHABLE_CODE = YES;
				CLANG_WARN__DUPLICATE_METHOD_MATCH = YES;
				"CODE_SIGN_IDENTITY[sdk=iphoneos*]" = "iPhone Developer";
				COPY_PHASE_STRIP = NO;
				ENABLE_STRICT_OBJC_MSGSEND = YES;
				GCC_C_LANGUAGE_STANDARD = gnu99;
				GCC_DYNAMIC_NO_PIC = NO;
				GCC_OPTIMIZATION_LEVEL = 0;
				GCC_PREPROCESSOR_DEFINITIONS = (
					"DEBUG=1",
					"$(inherited)",
				);
				GCC_SYMBOLS_PRIVATE_EXTERN = NO;
				GCC_WARN_64_TO_32_BIT_CONVERSION = YES;
				GCC_WARN_ABOUT_RETURN_TYPE = YES_ERROR;
				GCC_WARN_UNDECLARED_SELECTOR = YES;
				GCC_WARN_UNINITIALIZED_AUTOS = YES_AGGRESSIVE;
				GCC_WARN_UNUSED_FUNCTION = YES;
				GCC_WARN_UNUSED_VARIABLE = YES;
				IPHONEOS_DEPLOYMENT_TARGET = 8.1;
				MTL_ENABLE_DEBUG_INFO = YES;
				ONLY_ACTIVE_ARCH = YES;
				SDKROOT = iphoneos;
				SWIFT_OPTIMIZATION_LEVEL = "-Onone";
			};
			name = Debug;
		};
		30EC14C91A7F579100985144 /* Release */ = {
			isa = XCBuildConfiguration;
			buildSettings = {
				ALWAYS_SEARCH_USER_PATHS = NO;
				CLANG_CXX_LANGUAGE_STANDARD = "gnu++0x";
				CLANG_CXX_LIBRARY = "libc++";
				CLANG_ENABLE_MODULES = YES;
				CLANG_ENABLE_OBJC_ARC = YES;
				CLANG_WARN_BOOL_CONVERSION = YES;
				CLANG_WARN_CONSTANT_CONVERSION = YES;
				CLANG_WARN_DIRECT_OBJC_ISA_USAGE = YES_ERROR;
				CLANG_WARN_EMPTY_BODY = YES;
				CLANG_WARN_ENUM_CONVERSION = YES;
				CLANG_WARN_INT_CONVERSION = YES;
				CLANG_WARN_OBJC_ROOT_CLASS = YES_ERROR;
				CLANG_WARN_UNREACHABLE_CODE = YES;
				CLANG_WARN__DUPLICATE_METHOD_MATCH = YES;
				"CODE_SIGN_IDENTITY[sdk=iphoneos*]" = "iPhone Developer";
				COPY_PHASE_STRIP = YES;
				ENABLE_NS_ASSERTIONS = NO;
				ENABLE_STRICT_OBJC_MSGSEND = YES;
				GCC_C_LANGUAGE_STANDARD = gnu99;
				GCC_WARN_64_TO_32_BIT_CONVERSION = YES;
				GCC_WARN_ABOUT_RETURN_TYPE = YES_ERROR;
				GCC_WARN_UNDECLARED_SELECTOR = YES;
				GCC_WARN_UNINITIALIZED_AUTOS = YES_AGGRESSIVE;
				GCC_WARN_UNUSED_FUNCTION = YES;
				GCC_WARN_UNUSED_VARIABLE = YES;
				IPHONEOS_DEPLOYMENT_TARGET = 8.1;
				MTL_ENABLE_DEBUG_INFO = NO;
				SDKROOT = iphoneos;
				VALIDATE_PRODUCT = YES;
			};
			name = Release;
		};
		30EC14CB1A7F579100985144 /* Debug */ = {
			isa = XCBuildConfiguration;
			baseConfigurationReference = 7E970537D3BECB8D91E02C80 /* Pods-PicFlow++.debug.xcconfig */;
			buildSettings = {
				ASSETCATALOG_COMPILER_APPICON_NAME = AppIcon;
				CLANG_ENABLE_MODULES = YES;
				INFOPLIST_FILE = "PicFlow++/Info.plist";
				LD_RUNPATH_SEARCH_PATHS = "$(inherited) @executable_path/Frameworks";
				PRODUCT_NAME = "$(TARGET_NAME)";
				SWIFT_OBJC_BRIDGING_HEADER = "PicFlow++-Bridging-Header.h";
				SWIFT_OPTIMIZATION_LEVEL = "-Onone";
			};
			name = Debug;
		};
		30EC14CC1A7F579100985144 /* Release */ = {
			isa = XCBuildConfiguration;
			baseConfigurationReference = 75CAD59D159561D1D7B8873E /* Pods-PicFlow++.release.xcconfig */;
			buildSettings = {
				ASSETCATALOG_COMPILER_APPICON_NAME = AppIcon;
				CLANG_ENABLE_MODULES = YES;
				INFOPLIST_FILE = "PicFlow++/Info.plist";
				LD_RUNPATH_SEARCH_PATHS = "$(inherited) @executable_path/Frameworks";
				PRODUCT_NAME = "$(TARGET_NAME)";
				SWIFT_OBJC_BRIDGING_HEADER = "PicFlow++-Bridging-Header.h";
			};
			name = Release;
		};
		30EC14CE1A7F579100985144 /* Debug */ = {
			isa = XCBuildConfiguration;
			buildSettings = {
				BUNDLE_LOADER = "$(TEST_HOST)";
				FRAMEWORK_SEARCH_PATHS = (
					"$(SDKROOT)/Developer/Library/Frameworks",
					"$(inherited)",
				);
				GCC_PREPROCESSOR_DEFINITIONS = (
					"DEBUG=1",
					"$(inherited)",
				);
				INFOPLIST_FILE = "PicFlow++Tests/Info.plist";
				LD_RUNPATH_SEARCH_PATHS = "$(inherited) @executable_path/Frameworks @loader_path/Frameworks";
				PRODUCT_NAME = "$(TARGET_NAME)";
				TEST_HOST = "$(BUILT_PRODUCTS_DIR)/PicFlow++.app/PicFlow++";
			};
			name = Debug;
		};
		30EC14CF1A7F579100985144 /* Release */ = {
			isa = XCBuildConfiguration;
			buildSettings = {
				BUNDLE_LOADER = "$(TEST_HOST)";
				FRAMEWORK_SEARCH_PATHS = (
					"$(SDKROOT)/Developer/Library/Frameworks",
					"$(inherited)",
				);
				INFOPLIST_FILE = "PicFlow++Tests/Info.plist";
				LD_RUNPATH_SEARCH_PATHS = "$(inherited) @executable_path/Frameworks @loader_path/Frameworks";
				PRODUCT_NAME = "$(TARGET_NAME)";
				TEST_HOST = "$(BUILT_PRODUCTS_DIR)/PicFlow++.app/PicFlow++";
			};
			name = Release;
		};
/* End XCBuildConfiguration section */

/* Begin XCConfigurationList section */
		30EC14A61A7F579100985144 /* Build configuration list for PBXProject "PicFlow++" */ = {
			isa = XCConfigurationList;
			buildConfigurations = (
				30EC14C81A7F579100985144 /* Debug */,
				30EC14C91A7F579100985144 /* Release */,
			);
			defaultConfigurationIsVisible = 0;
			defaultConfigurationName = Release;
		};
		30EC14CA1A7F579100985144 /* Build configuration list for PBXNativeTarget "PicFlow++" */ = {
			isa = XCConfigurationList;
			buildConfigurations = (
				30EC14CB1A7F579100985144 /* Debug */,
				30EC14CC1A7F579100985144 /* Release */,
			);
			defaultConfigurationIsVisible = 0;
			defaultConfigurationName = Release;
		};
		30EC14CD1A7F579100985144 /* Build configuration list for PBXNativeTarget "PicFlow++Tests" */ = {
			isa = XCConfigurationList;
			buildConfigurations = (
				30EC14CE1A7F579100985144 /* Debug */,
				30EC14CF1A7F579100985144 /* Release */,
			);
			defaultConfigurationIsVisible = 0;
			defaultConfigurationName = Release;
		};
/* End XCConfigurationList section */
	};
	rootObject = 30EC14A31A7F579100985144 /* Project object */;
}
